// !$*UTF8*$!
{
	archiveVersion = 1;
	classes = {
	};
	objectVersion = 46;
	objects = {

/* Begin PBXBuildFile section */
		7024758D1A96400F00969E47 /* flowersExamples.cpp in Sources */ = {isa = PBXBuildFile; fileRef = 7024758A1A96400F00969E47 /* flowersExamples.cpp */; };
		7024758E1A96400F00969E47 /* flowersStudent.cpp in Sources */ = {isa = PBXBuildFile; fileRef = 7024758B1A96400F00969E47 /* flowersStudent.cpp */; };
		7024758F1A96400F00969E47 /* flowersTest.cpp in Sources */ = {isa = PBXBuildFile; fileRef = 7024758C1A96400F00969E47 /* flowersTest.cpp */; };
/* End PBXBuildFile section */

/* Begin PBXCopyFilesBuildPhase section */
		7024757C1A963FF100969E47 /* CopyFiles */ = {
			isa = PBXCopyFilesBuildPhase;
			buildActionMask = 2147483647;
			dstPath = /usr/share/man/man1/;
			dstSubfolderSpec = 0;
			files = (
			);
			runOnlyForDeploymentPostprocessing = 1;
		};
/* End PBXCopyFilesBuildPhase section */

/* Begin PBXFileReference section */
		7024757E1A963FF100969E47 /* asw2 */ = {isa = PBXFileReference; explicitFileType = "compiled.mach-o.executable"; includeInIndex = 0; path = asw2; sourceTree = BUILT_PRODUCTS_DIR; };
		702475881A96400F00969E47 /* desiredOutput.txt */ = {isa = PBXFileReference; fileEncoding = 4; lastKnownFileType = text; path = desiredOutput.txt; sourceTree = "<group>"; };
		702475891A96400F00969E47 /* flowers.h */ = {isa = PBXFileReference; fileEncoding = 4; lastKnownFileType = sourcecode.c.h; path = flowers.h; sourceTree = "<group>"; };
		7024758A1A96400F00969E47 /* flowersExamples.cpp */ = {isa = PBXFileReference; fileEncoding = 4; lastKnownFileType = sourcecode.cpp.cpp; path = flowersExamples.cpp; sourceTree = "<group>"; };
		7024758B1A96400F00969E47 /* flowersStudent.cpp */ = {isa = PBXFileReference; fileEncoding = 4; lastKnownFileType = sourcecode.cpp.cpp; path = flowersStudent.cpp; sourceTree = "<group>"; };
		7024758C1A96400F00969E47 /* flowersTest.cpp */ = {isa = PBXFileReference; fileEncoding = 4; lastKnownFileType = sourcecode.cpp.cpp; path = flowersTest.cpp; sourceTree = "<group>"; };
/* End PBXFileReference section */

/* Begin PBXFrameworksBuildPhase section */
		7024757B1A963FF100969E47 /* Frameworks */ = {
			isa = PBXFrameworksBuildPhase;
			buildActionMask = 2147483647;
			files = (
			);
			runOnlyForDeploymentPostprocessing = 0;
		};
/* End PBXFrameworksBuildPhase section */

/* Begin PBXGroup section */
		702475751A963FF100969E47 = {
			isa = PBXGroup;
			children = (
				702475881A96400F00969E47 /* desiredOutput.txt */,
				702475891A96400F00969E47 /* flowers.h */,
				7024758A1A96400F00969E47 /* flowersExamples.cpp */,
				7024758B1A96400F00969E47 /* flowersStudent.cpp */,
				7024758C1A96400F00969E47 /* flowersTest.cpp */,
				7024757F1A963FF100969E47 /* Products */,
			);
			sourceTree = "<group>";
		};
		7024757F1A963FF100969E47 /* Products */ = {
			isa = PBXGroup;
			children = (
				7024757E1A963FF100969E47 /* asw2 */,
			);
			name = Products;
			sourceTree = "<group>";
		};
/* End PBXGroup section */

/* Begin PBXNativeTarget section */
		7024757D1A963FF100969E47 /* asw2 */ = {
			isa = PBXNativeTarget;
			buildConfigurationList = 702475851A963FF100969E47 /* Build configuration list for PBXNativeTarget "asw2" */;
			buildPhases = (
				7024757A1A963FF100969E47 /* Sources */,
				7024757B1A963FF100969E47 /* Frameworks */,
				7024757C1A963FF100969E47 /* CopyFiles */,
			);
			buildRules = (
			);
			dependencies = (
			);
			name = asw2;
			productName = asw2;
			productReference = 7024757E1A963FF100969E47 /* asw2 */;
			productType = "com.apple.product-type.tool";
		};
/* End PBXNativeTarget section */

/* Begin PBXProject section */
		702475761A963FF100969E47 /* Project object */ = {
			isa = PBXProject;
			attributes = {
				LastUpgradeCheck = 0610;
				ORGANIZATIONNAME = alec;
				TargetAttributes = {
					7024757D1A963FF100969E47 = {
						CreatedOnToolsVersion = 6.1.1;
					};
				};
			};
			buildConfigurationList = 702475791A963FF100969E47 /* Build configuration list for PBXProject "asw2" */;
			compatibilityVersion = "Xcode 3.2";
			developmentRegion = English;
			hasScannedForEncodings = 0;
			knownRegions = (
				en,
			);
			mainGroup = 702475751A963FF100969E47;
			productRefGroup = 7024757F1A963FF100969E47 /* Products */;
			projectDirPath = "";
			projectRoot = "";
			targets = (
				7024757D1A963FF100969E47 /* asw2 */,
			);
		};
/* End PBXProject section */

/* Begin PBXSourcesBuildPhase section */
		7024757A1A963FF100969E47 /* Sources */ = {
			isa = PBXSourcesBuildPhase;
			buildActionMask = 2147483647;
			files = (
				7024758E1A96400F00969E47 /* flowersStudent.cpp in Sources */,
				7024758F1A96400F00969E47 /* flowersTest.cpp in Sources */,
				7024758D1A96400F00969E47 /* flowersExamples.cpp in Sources */,
			);
			runOnlyForDeploymentPostprocessing = 0;
		};
/* End PBXSourcesBuildPhase section */

/* Begin XCBuildConfiguration section */
		702475831A963FF100969E47 /* Debug */ = {
			isa = XCBuildConfiguration;
			buildSettings = {
				ALWAYS_SEARCH_USER_PATHS = NO;
				CLANG_CXX_LANGUAGE_STANDARD = "gnu++0x";
				CLANG_CXX_LIBRARY = "libc++";
				CLANG_ENABLE_MODULES = YES;
				CLANG_ENABLE_OBJC_ARC = YES;
				CLANG_WARN_BOOL_CONVERSION = YES;
				CLANG_WARN_CONSTANT_CONVERSION = YES;
				CLANG_WARN_DIRECT_OBJC_ISA_USAGE = YES_ERROR;
				CLANG_WARN_EMPTY_BODY = YES;
				CLANG_WARN_ENUM_CONVERSION = YES;
				CLANG_WARN_INT_CONVERSION = YES;
				CLANG_WARN_OBJC_ROOT_CLASS = YES_ERROR;
				CLANG_WARN_UNREACHABLE_CODE = YES;
				CLANG_WARN__DUPLICATE_METHOD_MATCH = YES;
				COPY_PHASE_STRIP = NO;
				ENABLE_STRICT_OBJC_MSGSEND = YES;
				GCC_C_LANGUAGE_STANDARD = gnu99;
				GCC_DYNAMIC_NO_PIC = NO;
				GCC_OPTIMIZATION_LEVEL = 0;
				GCC_PREPROCESSOR_DEFINITIONS = (
					"DEBUG=1",
					"$(inherited)",
				);
				GCC_SYMBOLS_PRIVATE_EXTERN = NO;
				GCC_WARN_64_TO_32_BIT_CONVERSION = YES;
				GCC_WARN_ABOUT_RETURN_TYPE = YES_ERROR;
				GCC_WARN_UNDECLARED_SELECTOR = YES;
				GCC_WARN_UNINITIALIZED_AUTOS = YES_AGGRESSIVE;
				GCC_WARN_UNUSED_FUNCTION = YES;
				GCC_WARN_UNUSED_VARIABLE = YES;
				MACOSX_DEPLOYMENT_TARGET = 10.10;
				MTL_ENABLE_DEBUG_INFO = YES;
				ONLY_ACTIVE_ARCH = YES;
				SDKROOT = macosx;
			};
			name = Debug;
		};
		702475841A963FF100969E47 /* Release */ = {
			isa = XCBuildConfiguration;
			buildSettings = {
				ALWAYS_SEARCH_USER_PATHS = NO;
				CLANG_CXX_LANGUAGE_STANDARD = "gnu++0x";
				CLANG_CXX_LIBRARY = "libc++";
				CLANG_ENABLE_MODULES = YES;
				CLANG_ENABLE_OBJC_ARC = YES;
				CLANG_WARN_BOOL_CONVERSION = YES;
				CLANG_WARN_CONSTANT_CONVERSION = YES;
				CLANG_WARN_DIRECT_OBJC_ISA_USAGE = YES_ERROR;
				CLANG_WARN_EMPTY_BODY = YES;
				CLANG_WARN_ENUM_CONVERSION = YES;
				CLANG_WARN_INT_CONVERSION = YES;
				CLANG_WARN_OBJC_ROOT_CLASS = YES_ERROR;
				CLANG_WARN_UNREACHABLE_CODE = YES;
				CLANG_WARN__DUPLICATE_METHOD_MATCH = YES;
				COPY_PHASE_STRIP = YES;
				DEBUG_INFORMATION_FORMAT = "dwarf-with-dsym";
				ENABLE_NS_ASSERTIONS = NO;
				ENABLE_STRICT_OBJC_MSGSEND = YES;
				GCC_C_LANGUAGE_STANDARD = gnu99;
				GCC_WARN_64_TO_32_BIT_CONVERSION = YES;
				GCC_WARN_ABOUT_RETURN_TYPE = YES_ERROR;
				GCC_WARN_UNDECLARED_SELECTOR = YES;
				GCC_WARN_UNINITIALIZED_AUTOS = YES_AGGRESSIVE;
				GCC_WARN_UNUSED_FUNCTION = YES;
				GCC_WARN_UNUSED_VARIABLE = YES;
				MACOSX_DEPLOYMENT_TARGET = 10.10;
				MTL_ENABLE_DEBUG_INFO = NO;
				SDKROOT = macosx;
			};
			name = Release;
		};
		702475861A963FF100969E47 /* Debug */ = {
			isa = XCBuildConfiguration;
			buildSettings = {
				PRODUCT_NAME = "$(TARGET_NAME)";
			};
			name = Debug;
		};
		702475871A963FF100969E47 /* Release */ = {
			isa = XCBuildConfiguration;
			buildSettings = {
				PRODUCT_NAME = "$(TARGET_NAME)";
			};
			name = Release;
		};
/* End XCBuildConfiguration section */

/* Begin XCConfigurationList section */
		702475791A963FF100969E47 /* Build configuration list for PBXProject "asw2" */ = {
			isa = XCConfigurationList;
			buildConfigurations = (
				702475831A963FF100969E47 /* Debug */,
				702475841A963FF100969E47 /* Release */,
			);
			defaultConfigurationIsVisible = 0;
			defaultConfigurationName = Release;
		};
		702475851A963FF100969E47 /* Build configuration list for PBXNativeTarget "asw2" */ = {
			isa = XCConfigurationList;
			buildConfigurations = (
				702475861A963FF100969E47 /* Debug */,
				702475871A963FF100969E47 /* Release */,
			);
			defaultConfigurationIsVisible = 0;
		};
/* End XCConfigurationList section */
	};
	rootObject = 702475761A963FF100969E47 /* Project object */;
}
